
Microsoft Visual Studio Solution File, Format Version 12.00
# Visual Studio Version 17
VisualStudioVersion = 17.12.35506.116
MinimumVisualStudioVersion = 10.0.40219.1
Project("{9A19103F-16F7-4668-BE54-9A1E7A4F7556}") = "SpreeviewAPI", "SpreeviewAPI\SpreeviewAPI.csproj", "{E79AD846-ABBE-4D06-BC1F-ED144A0FA2B1}"
EndProject
Project("{9A19103F-16F7-4668-BE54-9A1E7A4F7556}") = "CommonLibrary", "CommonLibrary\CommonLibrary.csproj", "{2FD31A0D-A5FE-48E6-97EA-527F2997A180}"
EndProject
Project("{9A19103F-16F7-4668-BE54-9A1E7A4F7556}") = "SpreeviewFrontend", "SpreeviewFrontend\SpreeviewFrontend\SpreeviewFrontend.csproj", "{060A6891-ABD0-40A0-88B3-3A3F7508D332}"
EndProject
Project("{9A19103F-16F7-4668-BE54-9A1E7A4F7556}") = "SpreeviewFrontend.Client", "SpreeviewFrontend\SpreeviewFrontend.Client\SpreeviewFrontend.Client.csproj", "{00DB55D5-C330-471F-A639-08D8292CA8B7}"
EndProject
Project("{9A19103F-16F7-4668-BE54-9A1E7A4F7556}") = "SpreeviewTests", "SpreeviewTests\SpreeviewTests.csproj", "{2E9FFADF-69D9-4A37-B264-257D067F88E5}"
EndProject
Global
	GlobalSection(SolutionConfigurationPlatforms) = preSolution
		Debug|Any CPU = Debug|Any CPU
		Release|Any CPU = Release|Any CPU
	EndGlobalSection
	GlobalSection(ProjectConfigurationPlatforms) = postSolution
		{E79AD846-ABBE-4D06-BC1F-ED144A0FA2B1}.Debug|Any CPU.ActiveCfg = Debug|Any CPU
		{E79AD846-ABBE-4D06-BC1F-ED144A0FA2B1}.Debug|Any CPU.Build.0 = Debug|Any CPU
		{E79AD846-ABBE-4D06-BC1F-ED144A0FA2B1}.Release|Any CPU.ActiveCfg = Release|Any CPU
		{E79AD846-ABBE-4D06-BC1F-ED144A0FA2B1}.Release|Any CPU.Build.0 = Release|Any CPU
		{2FD31A0D-A5FE-48E6-97EA-527F2997A180}.Debug|Any CPU.ActiveCfg = Debug|Any CPU
		{2FD31A0D-A5FE-48E6-97EA-527F2997A180}.Debug|Any CPU.Build.0 = Debug|Any CPU
		{2FD31A0D-A5FE-48E6-97EA-527F2997A180}.Release|Any CPU.ActiveCfg = Release|Any CPU
		{2FD31A0D-A5FE-48E6-97EA-527F2997A180}.Release|Any CPU.Build.0 = Release|Any CPU
		{060A6891-ABD0-40A0-88B3-3A3F7508D332}.Debug|Any CPU.ActiveCfg = Debug|Any CPU
		{060A6891-ABD0-40A0-88B3-3A3F7508D332}.Debug|Any CPU.Build.0 = Debug|Any CPU
		{060A6891-ABD0-40A0-88B3-3A3F7508D332}.Release|Any CPU.ActiveCfg = Release|Any CPU
		{060A6891-ABD0-40A0-88B3-3A3F7508D332}.Release|Any CPU.Build.0 = Release|Any CPU
		{00DB55D5-C330-471F-A639-08D8292CA8B7}.Debug|Any CPU.ActiveCfg = Debug|Any CPU
		{00DB55D5-C330-471F-A639-08D8292CA8B7}.Debug|Any CPU.Build.0 = Debug|Any CPU
		{00DB55D5-C330-471F-A639-08D8292CA8B7}.Release|Any CPU.ActiveCfg = Release|Any CPU
		{00DB55D5-C330-471F-A639-08D8292CA8B7}.Release|Any CPU.Build.0 = Release|Any CPU
		{2E9FFADF-69D9-4A37-B264-257D067F88E5}.Debug|Any CPU.ActiveCfg = Debug|Any CPU
		{2E9FFADF-69D9-4A37-B264-257D067F88E5}.Debug|Any CPU.Build.0 = Debug|Any CPU
		{2E9FFADF-69D9-4A37-B264-257D067F88E5}.Release|Any CPU.ActiveCfg = Release|Any CPU
		{2E9FFADF-69D9-4A37-B264-257D067F88E5}.Release|Any CPU.Build.0 = Release|Any CPU
	EndGlobalSection
	GlobalSection(SolutionProperties) = preSolution
		HideSolutionNode = FALSE
	EndGlobalSection
	GlobalSection(ExtensibilityGlobals) = postSolution
		SolutionGuid = {7ED83597-74C7-4DBC-BEA3-BEC4EF9E3BDD}
	EndGlobalSection
EndGlobal
